
Microsoft Visual Studio Solution File, Format Version 12.00
# Visual Studio 15
VisualStudioVersion = 15.0.28307.1000
MinimumVisualStudioVersion = 10.0.40219.1
Project("{FAE04EC0-301F-11D3-BF4B-00C04F79EFBC}") = "BlobApi", "BlobApi\BlobApi.csproj", "{A1244A59-51A4-4F21-81C3-E2AE7723D4C8}"
EndProject
Global
	GlobalSection(SolutionConfigurationPlatforms) = preSolution
		Debug|Any CPU = Debug|Any CPU
		Release|Any CPU = Release|Any CPU
	EndGlobalSection
	GlobalSection(ProjectConfigurationPlatforms) = postSolution
		{A1244A59-51A4-4F21-81C3-E2AE7723D4C8}.Debug|Any CPU.ActiveCfg = Debug|Any CPU
		{A1244A59-51A4-4F21-81C3-E2AE7723D4C8}.Debug|Any CPU.Build.0 = Debug|Any CPU
		{A1244A59-51A4-4F21-81C3-E2AE7723D4C8}.Release|Any CPU.ActiveCfg = Release|Any CPU
		{A1244A59-51A4-4F21-81C3-E2AE7723D4C8}.Release|Any CPU.Build.0 = Release|Any CPU
	EndGlobalSection
	GlobalSection(SolutionProperties) = preSolution
		HideSolutionNode = FALSE
	EndGlobalSection
	GlobalSection(ExtensibilityGlobals) = postSolution
		SolutionGuid = {8E0A2CDA-8D6D-4425-AC26-293D6379D3A3}
	EndGlobalSection
EndGlobal
